
Microsoft Visual Studio Solution File, Format Version 11.00
# Visual Studio 2010
Project("{FAE04EC0-301F-11D3-BF4B-00C04F79EFBC}") = "AdvancedFormatProvider", "Lib\AdvancedFormatProvider.csproj", "{F36967A0-A8B5-41C4-A3B6-8DB6796A4232}"
EndProject
Project("{FAE04EC0-301F-11D3-BF4B-00C04F79EFBC}") = "UnitTests", "Test\TestProject1\UnitTests.csproj", "{00E14332-BB09-4770-BDAA-4F0B09580150}"
EndProject
Project("{2150E333-8FDC-42A3-9474-1A3956D46DE8}") = "Solution Items", "Solution Items", "{3EB52830-F0FF-4564-A605-1BCB90F74897}"
	ProjectSection(SolutionItems) = preProject
		AdvancedFormatterProvider.vsmdi = AdvancedFormatterProvider.vsmdi
		Local.testsettings = Local.testsettings
		TraceAndTestImpact.testsettings = TraceAndTestImpact.testsettings
	EndProjectSection
EndProject
Global
	GlobalSection(TestCaseManagementSettings) = postSolution
		CategoryFile = AdvancedFormatterProvider.vsmdi
	EndGlobalSection
	GlobalSection(SolutionConfigurationPlatforms) = preSolution
		Debug|Any CPU = Debug|Any CPU
		Release|Any CPU = Release|Any CPU
	EndGlobalSection
	GlobalSection(ProjectConfigurationPlatforms) = postSolution
		{F36967A0-A8B5-41C4-A3B6-8DB6796A4232}.Debug|Any CPU.ActiveCfg = Debug|Any CPU
		{F36967A0-A8B5-41C4-A3B6-8DB6796A4232}.Debug|Any CPU.Build.0 = Debug|Any CPU
		{F36967A0-A8B5-41C4-A3B6-8DB6796A4232}.Release|Any CPU.ActiveCfg = Release|Any CPU
		{F36967A0-A8B5-41C4-A3B6-8DB6796A4232}.Release|Any CPU.Build.0 = Release|Any CPU
		{00E14332-BB09-4770-BDAA-4F0B09580150}.Debug|Any CPU.ActiveCfg = Debug|Any CPU
		{00E14332-BB09-4770-BDAA-4F0B09580150}.Debug|Any CPU.Build.0 = Debug|Any CPU
		{00E14332-BB09-4770-BDAA-4F0B09580150}.Release|Any CPU.ActiveCfg = Release|Any CPU
		{00E14332-BB09-4770-BDAA-4F0B09580150}.Release|Any CPU.Build.0 = Release|Any CPU
	EndGlobalSection
	GlobalSection(SolutionProperties) = preSolution
		HideSolutionNode = FALSE
	EndGlobalSection
EndGlobal
